
Microsoft Visual Studio Solution File, Format Version 12.00
# Visual Studio Version 16
VisualStudioVersion = 16.0.28803.452
MinimumVisualStudioVersion = 10.0.40219.1
Project("{9A19103F-16F7-4668-BE54-9A1E7A4F7556}") = "NaaviQ", "NaaviQ.csproj", "{EBE835F9-8C1F-4B3D-81C9-D8C7666377D3}"
EndProject
Global
	GlobalSection(SolutionConfigurationPlatforms) = preSolution
		Debug|Any CPU = Debug|Any CPU
		Release|Any CPU = Release|Any CPU
	EndGlobalSection
	GlobalSection(ProjectConfigurationPlatforms) = postSolution
		{EBE835F9-8C1F-4B3D-81C9-D8C7666377D3}.Debug|Any CPU.ActiveCfg = Debug|Any CPU
		{EBE835F9-8C1F-4B3D-81C9-D8C7666377D3}.Debug|Any CPU.Build.0 = Debug|Any CPU
		{EBE835F9-8C1F-4B3D-81C9-D8C7666377D3}.Release|Any CPU.ActiveCfg = Release|Any CPU
		{EBE835F9-8C1F-4B3D-81C9-D8C7666377D3}.Release|Any CPU.Build.0 = Release|Any CPU
	EndGlobalSection
	GlobalSection(SolutionProperties) = preSolution
		HideSolutionNode = FALSE
	EndGlobalSection
	GlobalSection(ExtensibilityGlobals) = postSolution
		SolutionGuid = {920A76EB-9E6A-4090-91C0-C9EB896153AB}
	EndGlobalSection
EndGlobal
